
Microsoft Visual Studio Solution File, Format Version 12.00
# Visual Studio Version 17
VisualStudioVersion = 17.7.34221.43
MinimumVisualStudioVersion = 10.0.40219.1
Project("{FAE04EC0-301F-11D3-BF4B-00C04F79EFBC}") = "eTickets", "eTickets\eTickets.csproj", "{6C518530-E3F7-4EEA-84F0-29CFF2C10E43}"
EndProject
Global
	GlobalSection(SolutionConfigurationPlatforms) = preSolution
		Debug|Any CPU = Debug|Any CPU
		Release|Any CPU = Release|Any CPU
	EndGlobalSection
	GlobalSection(ProjectConfigurationPlatforms) = postSolution
		{6C518530-E3F7-4EEA-84F0-29CFF2C10E43}.Debug|Any CPU.ActiveCfg = Debug|Any CPU
		{6C518530-E3F7-4EEA-84F0-29CFF2C10E43}.Debug|Any CPU.Build.0 = Debug|Any CPU
		{6C518530-E3F7-4EEA-84F0-29CFF2C10E43}.Release|Any CPU.ActiveCfg = Release|Any CPU
		{6C518530-E3F7-4EEA-84F0-29CFF2C10E43}.Release|Any CPU.Build.0 = Release|Any CPU
	EndGlobalSection
	GlobalSection(SolutionProperties) = preSolution
		HideSolutionNode = FALSE
	EndGlobalSection
	GlobalSection(ExtensibilityGlobals) = postSolution
		SolutionGuid = {E06BB783-5308-4BDD-8569-EAADC981A868}
	EndGlobalSection
EndGlobal
